
Microsoft Visual Studio Solution File, Format Version 12.00
# Visual Studio 15
VisualStudioVersion = 15.0.27130.2010
MinimumVisualStudioVersion = 10.0.40219.1
Project("{FAE04EC0-301F-11D3-BF4B-00C04F79EFBC}") = "VsixRatingChaser", "VsixRatingChaser\VsixRatingChaser.csproj", "{B1D1090D-C6B8-48CD-ADF0-9D88C692BCC7}"
EndProject
Project("{2150E333-8FDC-42A3-9474-1A3956D46DE8}") = "Solution Items", "Solution Items", "{EB6026C0-8920-4860-88AF-6F4A03AAFF91}"
	ProjectSection(SolutionItems) = preProject
		..\CHANGELOG.md = ..\CHANGELOG.md
		..\LICENSE.txt = ..\LICENSE.txt
		..\NugetIcon_64x64.png = ..\NugetIcon_64x64.png
		..\README.md = ..\README.md
	EndProjectSection
EndProject
Project("{FAE04EC0-301F-11D3-BF4B-00C04F79EFBC}") = "VsixRatingChaser.UnitTests", "VsixRatingChaser.UnitTests\VsixRatingChaser.UnitTests.csproj", "{69CA3860-670D-420C-A282-083E324A7422}"
EndProject
Global
	GlobalSection(SolutionConfigurationPlatforms) = preSolution
		Debug|Any CPU = Debug|Any CPU
		Release|Any CPU = Release|Any CPU
	EndGlobalSection
	GlobalSection(ProjectConfigurationPlatforms) = postSolution
		{B1D1090D-C6B8-48CD-ADF0-9D88C692BCC7}.Debug|Any CPU.ActiveCfg = Debug|Any CPU
		{B1D1090D-C6B8-48CD-ADF0-9D88C692BCC7}.Debug|Any CPU.Build.0 = Debug|Any CPU
		{B1D1090D-C6B8-48CD-ADF0-9D88C692BCC7}.Release|Any CPU.ActiveCfg = Release|Any CPU
		{B1D1090D-C6B8-48CD-ADF0-9D88C692BCC7}.Release|Any CPU.Build.0 = Release|Any CPU
		{69CA3860-670D-420C-A282-083E324A7422}.Debug|Any CPU.ActiveCfg = Debug|Any CPU
		{69CA3860-670D-420C-A282-083E324A7422}.Debug|Any CPU.Build.0 = Debug|Any CPU
		{69CA3860-670D-420C-A282-083E324A7422}.Release|Any CPU.ActiveCfg = Release|Any CPU
		{69CA3860-670D-420C-A282-083E324A7422}.Release|Any CPU.Build.0 = Release|Any CPU
	EndGlobalSection
	GlobalSection(SolutionProperties) = preSolution
		HideSolutionNode = FALSE
	EndGlobalSection
	GlobalSection(ExtensibilityGlobals) = postSolution
		SolutionGuid = {67917E80-BCD9-43AA-9AC8-09C6BDCF6AD8}
	EndGlobalSection
EndGlobal
